
Microsoft Visual Studio Solution File, Format Version 12.00
Project("{2150E333-8FDC-42A3-9474-1A3956D46DE8}") = "src", "src", "{186E63EE-590D-4637-A092-C9BFD28687FE}"
EndProject
Project("{FAE04EC0-301F-11D3-BF4B-00C04F79EFBC}") = "MLMS.API", "src\MLMS.API\MLMS.API.csproj", "{1F7B0BF0-88B2-48CA-AC04-222A648B2021}"
EndProject
Project("{FAE04EC0-301F-11D3-BF4B-00C04F79EFBC}") = "MLMS.Domain", "src\MLMS.Domain\MLMS.Domain.csproj", "{96ED5716-7324-459D-97F6-B5890E522C86}"
EndProject
Project("{FAE04EC0-301F-11D3-BF4B-00C04F79EFBC}") = "MLMS.Infrastructure", "src\MLMS.Infrastructure\MLMS.Infrastructure.csproj", "{3D551E13-1707-44D5-8CCA-53B088561EC0}"
EndProject
Global
	GlobalSection(SolutionConfigurationPlatforms) = preSolution
		Debug|Any CPU = Debug|Any CPU
		Release|Any CPU = Release|Any CPU
	EndGlobalSection
	GlobalSection(ProjectConfigurationPlatforms) = postSolution
		{1F7B0BF0-88B2-48CA-AC04-222A648B2021}.Debug|Any CPU.ActiveCfg = Debug|Any CPU
		{1F7B0BF0-88B2-48CA-AC04-222A648B2021}.Debug|Any CPU.Build.0 = Debug|Any CPU
		{1F7B0BF0-88B2-48CA-AC04-222A648B2021}.Release|Any CPU.ActiveCfg = Release|Any CPU
		{1F7B0BF0-88B2-48CA-AC04-222A648B2021}.Release|Any CPU.Build.0 = Release|Any CPU
		{96ED5716-7324-459D-97F6-B5890E522C86}.Debug|Any CPU.ActiveCfg = Debug|Any CPU
		{96ED5716-7324-459D-97F6-B5890E522C86}.Debug|Any CPU.Build.0 = Debug|Any CPU
		{96ED5716-7324-459D-97F6-B5890E522C86}.Release|Any CPU.ActiveCfg = Release|Any CPU
		{96ED5716-7324-459D-97F6-B5890E522C86}.Release|Any CPU.Build.0 = Release|Any CPU
		{3D551E13-1707-44D5-8CCA-53B088561EC0}.Debug|Any CPU.ActiveCfg = Debug|Any CPU
		{3D551E13-1707-44D5-8CCA-53B088561EC0}.Debug|Any CPU.Build.0 = Debug|Any CPU
		{3D551E13-1707-44D5-8CCA-53B088561EC0}.Release|Any CPU.ActiveCfg = Release|Any CPU
		{3D551E13-1707-44D5-8CCA-53B088561EC0}.Release|Any CPU.Build.0 = Release|Any CPU
	EndGlobalSection
	GlobalSection(NestedProjects) = preSolution
		{1F7B0BF0-88B2-48CA-AC04-222A648B2021} = {186E63EE-590D-4637-A092-C9BFD28687FE}
		{96ED5716-7324-459D-97F6-B5890E522C86} = {186E63EE-590D-4637-A092-C9BFD28687FE}
		{3D551E13-1707-44D5-8CCA-53B088561EC0} = {186E63EE-590D-4637-A092-C9BFD28687FE}
	EndGlobalSection
EndGlobal
